
Microsoft Visual Studio Solution File, Format Version 12.00
# Visual Studio Version 17
VisualStudioVersion = 17.0.31903.59
MinimumVisualStudioVersion = 10.0.40219.1
Project("{2150E333-8FDC-42A3-9474-1A3956D46DE8}") = "src", "src", "{827E0CD3-B72D-47B6-A68D-7590B98EB39B}"
EndProject
Project("{FAE04EC0-301F-11D3-BF4B-00C04F79EFBC}") = "Aetherforge.Contracts", "src\Aetherforge.Contracts\Aetherforge.Contracts.csproj", "{8A5743A4-8103-4317-AA45-CF7506189454}"
EndProject
Project("{FAE04EC0-301F-11D3-BF4B-00C04F79EFBC}") = "Aetherforge.CoreClient", "src\Aetherforge.CoreClient\Aetherforge.CoreClient.csproj", "{40371699-8C78-4587-8126-5EB306BF2F3F}"
EndProject
Project("{FAE04EC0-301F-11D3-BF4B-00C04F79EFBC}") = "Aetherforge.Windows.Ui", "src\Aetherforge.Windows.Ui\Aetherforge.Windows.Ui.csproj", "{EE563ADE-2A74-4AC4-B562-994BF8BE3771}"
EndProject
Project("{FAE04EC0-301F-11D3-BF4B-00C04F79EFBC}") = "Aetherforge.Windows.Tests", "src\Aetherforge.Windows.Tests\Aetherforge.Windows.Tests.csproj", "{9AD2D919-87CB-443D-9BD5-DD335CD21A05}"
EndProject
Project("{FAE04EC0-301F-11D3-BF4B-00C04F79EFBC}") = "Aetherforge.Core", "src\Aetherforge.Core\Aetherforge.Core.csproj", "{EFACE314-6EEC-4CA0-86C5-74A60345ABF3}"
EndProject
Global
	GlobalSection(SolutionConfigurationPlatforms) = preSolution
		Debug|Any CPU = Debug|Any CPU
		Debug|x64 = Debug|x64
		Debug|x86 = Debug|x86
		Release|Any CPU = Release|Any CPU
		Release|x64 = Release|x64
		Release|x86 = Release|x86
	EndGlobalSection
	GlobalSection(ProjectConfigurationPlatforms) = postSolution
		{8A5743A4-8103-4317-AA45-CF7506189454}.Debug|Any CPU.ActiveCfg = Debug|Any CPU
		{8A5743A4-8103-4317-AA45-CF7506189454}.Debug|Any CPU.Build.0 = Debug|Any CPU
		{8A5743A4-8103-4317-AA45-CF7506189454}.Debug|x64.ActiveCfg = Debug|Any CPU
		{8A5743A4-8103-4317-AA45-CF7506189454}.Debug|x64.Build.0 = Debug|Any CPU
		{8A5743A4-8103-4317-AA45-CF7506189454}.Debug|x86.ActiveCfg = Debug|Any CPU
		{8A5743A4-8103-4317-AA45-CF7506189454}.Debug|x86.Build.0 = Debug|Any CPU
		{8A5743A4-8103-4317-AA45-CF7506189454}.Release|Any CPU.ActiveCfg = Release|Any CPU
		{8A5743A4-8103-4317-AA45-CF7506189454}.Release|Any CPU.Build.0 = Release|Any CPU
		{8A5743A4-8103-4317-AA45-CF7506189454}.Release|x64.ActiveCfg = Release|Any CPU
		{8A5743A4-8103-4317-AA45-CF7506189454}.Release|x64.Build.0 = Release|Any CPU
		{8A5743A4-8103-4317-AA45-CF7506189454}.Release|x86.ActiveCfg = Release|Any CPU
		{8A5743A4-8103-4317-AA45-CF7506189454}.Release|x86.Build.0 = Release|Any CPU
		{40371699-8C78-4587-8126-5EB306BF2F3F}.Debug|Any CPU.ActiveCfg = Debug|Any CPU
		{40371699-8C78-4587-8126-5EB306BF2F3F}.Debug|Any CPU.Build.0 = Debug|Any CPU
		{40371699-8C78-4587-8126-5EB306BF2F3F}.Debug|x64.ActiveCfg = Debug|Any CPU
		{40371699-8C78-4587-8126-5EB306BF2F3F}.Debug|x64.Build.0 = Debug|Any CPU
		{40371699-8C78-4587-8126-5EB306BF2F3F}.Debug|x86.ActiveCfg = Debug|Any CPU
		{40371699-8C78-4587-8126-5EB306BF2F3F}.Debug|x86.Build.0 = Debug|Any CPU
		{40371699-8C78-4587-8126-5EB306BF2F3F}.Release|Any CPU.ActiveCfg = Release|Any CPU
		{40371699-8C78-4587-8126-5EB306BF2F3F}.Release|Any CPU.Build.0 = Release|Any CPU
		{40371699-8C78-4587-8126-5EB306BF2F3F}.Release|x64.ActiveCfg = Release|Any CPU
		{40371699-8C78-4587-8126-5EB306BF2F3F}.Release|x64.Build.0 = Release|Any CPU
		{40371699-8C78-4587-8126-5EB306BF2F3F}.Release|x86.ActiveCfg = Release|Any CPU
		{40371699-8C78-4587-8126-5EB306BF2F3F}.Release|x86.Build.0 = Release|Any CPU
		{EE563ADE-2A74-4AC4-B562-994BF8BE3771}.Debug|Any CPU.ActiveCfg = Debug|Any CPU
		{EE563ADE-2A74-4AC4-B562-994BF8BE3771}.Debug|Any CPU.Build.0 = Debug|Any CPU
		{EE563ADE-2A74-4AC4-B562-994BF8BE3771}.Debug|x64.ActiveCfg = Debug|Any CPU
		{EE563ADE-2A74-4AC4-B562-994BF8BE3771}.Debug|x64.Build.0 = Debug|Any CPU
		{EE563ADE-2A74-4AC4-B562-994BF8BE3771}.Debug|x86.ActiveCfg = Debug|Any CPU
		{EE563ADE-2A74-4AC4-B562-994BF8BE3771}.Debug|x86.Build.0 = Debug|Any CPU
		{EE563ADE-2A74-4AC4-B562-994BF8BE3771}.Release|Any CPU.ActiveCfg = Release|Any CPU
		{EE563ADE-2A74-4AC4-B562-994BF8BE3771}.Release|Any CPU.Build.0 = Release|Any CPU
		{EE563ADE-2A74-4AC4-B562-994BF8BE3771}.Release|x64.ActiveCfg = Release|Any CPU
		{EE563ADE-2A74-4AC4-B562-994BF8BE3771}.Release|x64.Build.0 = Release|Any CPU
		{EE563ADE-2A74-4AC4-B562-994BF8BE3771}.Release|x86.ActiveCfg = Release|Any CPU
		{EE563ADE-2A74-4AC4-B562-994BF8BE3771}.Release|x86.Build.0 = Release|Any CPU
		{9AD2D919-87CB-443D-9BD5-DD335CD21A05}.Debug|Any CPU.ActiveCfg = Debug|Any CPU
		{9AD2D919-87CB-443D-9BD5-DD335CD21A05}.Debug|Any CPU.Build.0 = Debug|Any CPU
		{9AD2D919-87CB-443D-9BD5-DD335CD21A05}.Debug|x64.ActiveCfg = Debug|Any CPU
		{9AD2D919-87CB-443D-9BD5-DD335CD21A05}.Debug|x64.Build.0 = Debug|Any CPU
		{9AD2D919-87CB-443D-9BD5-DD335CD21A05}.Debug|x86.ActiveCfg = Debug|Any CPU
		{9AD2D919-87CB-443D-9BD5-DD335CD21A05}.Debug|x86.Build.0 = Debug|Any CPU
		{9AD2D919-87CB-443D-9BD5-DD335CD21A05}.Release|Any CPU.ActiveCfg = Release|Any CPU
		{9AD2D919-87CB-443D-9BD5-DD335CD21A05}.Release|Any CPU.Build.0 = Release|Any CPU
		{9AD2D919-87CB-443D-9BD5-DD335CD21A05}.Release|x64.ActiveCfg = Release|Any CPU
		{9AD2D919-87CB-443D-9BD5-DD335CD21A05}.Release|x64.Build.0 = Release|Any CPU
		{9AD2D919-87CB-443D-9BD5-DD335CD21A05}.Release|x86.ActiveCfg = Release|Any CPU
		{9AD2D919-87CB-443D-9BD5-DD335CD21A05}.Release|x86.Build.0 = Release|Any CPU
		{EFACE314-6EEC-4CA0-86C5-74A60345ABF3}.Debug|Any CPU.ActiveCfg = Debug|Any CPU
		{EFACE314-6EEC-4CA0-86C5-74A60345ABF3}.Debug|Any CPU.Build.0 = Debug|Any CPU
		{EFACE314-6EEC-4CA0-86C5-74A60345ABF3}.Debug|x64.ActiveCfg = Debug|Any CPU
		{EFACE314-6EEC-4CA0-86C5-74A60345ABF3}.Debug|x64.Build.0 = Debug|Any CPU
		{EFACE314-6EEC-4CA0-86C5-74A60345ABF3}.Debug|x86.ActiveCfg = Debug|Any CPU
		{EFACE314-6EEC-4CA0-86C5-74A60345ABF3}.Debug|x86.Build.0 = Debug|Any CPU
		{EFACE314-6EEC-4CA0-86C5-74A60345ABF3}.Release|Any CPU.ActiveCfg = Release|Any CPU
		{EFACE314-6EEC-4CA0-86C5-74A60345ABF3}.Release|Any CPU.Build.0 = Release|Any CPU
		{EFACE314-6EEC-4CA0-86C5-74A60345ABF3}.Release|x64.ActiveCfg = Release|Any CPU
		{EFACE314-6EEC-4CA0-86C5-74A60345ABF3}.Release|x64.Build.0 = Release|Any CPU
		{EFACE314-6EEC-4CA0-86C5-74A60345ABF3}.Release|x86.ActiveCfg = Release|Any CPU
		{EFACE314-6EEC-4CA0-86C5-74A60345ABF3}.Release|x86.Build.0 = Release|Any CPU
	EndGlobalSection
	GlobalSection(SolutionProperties) = preSolution
		HideSolutionNode = FALSE
	EndGlobalSection
	GlobalSection(NestedProjects) = preSolution
		{8A5743A4-8103-4317-AA45-CF7506189454} = {827E0CD3-B72D-47B6-A68D-7590B98EB39B}
		{40371699-8C78-4587-8126-5EB306BF2F3F} = {827E0CD3-B72D-47B6-A68D-7590B98EB39B}
		{EE563ADE-2A74-4AC4-B562-994BF8BE3771} = {827E0CD3-B72D-47B6-A68D-7590B98EB39B}
		{9AD2D919-87CB-443D-9BD5-DD335CD21A05} = {827E0CD3-B72D-47B6-A68D-7590B98EB39B}
		{EFACE314-6EEC-4CA0-86C5-74A60345ABF3} = {827E0CD3-B72D-47B6-A68D-7590B98EB39B}
	EndGlobalSection
EndGlobal
